
Microsoft Visual Studio Solution File, Format Version 12.00
# Visual Studio Version 17
VisualStudioVersion = 17.2.32616.157
MinimumVisualStudioVersion = 10.0.40219.1
Project("{FAE04EC0-301F-11D3-BF4B-00C04F79EFBC}") = "BugTracker", "BugTracker.csproj", "{8A1CE7F2-A844-45FA-A4C1-753C6ACE8A28}"
EndProject
Global
	GlobalSection(SolutionConfigurationPlatforms) = preSolution
		Debug|Any CPU = Debug|Any CPU
		Release|Any CPU = Release|Any CPU
	EndGlobalSection
	GlobalSection(ProjectConfigurationPlatforms) = postSolution
		{8A1CE7F2-A844-45FA-A4C1-753C6ACE8A28}.Debug|Any CPU.ActiveCfg = Debug|Any CPU
		{8A1CE7F2-A844-45FA-A4C1-753C6ACE8A28}.Debug|Any CPU.Build.0 = Debug|Any CPU
		{8A1CE7F2-A844-45FA-A4C1-753C6ACE8A28}.Release|Any CPU.ActiveCfg = Release|Any CPU
		{8A1CE7F2-A844-45FA-A4C1-753C6ACE8A28}.Release|Any CPU.Build.0 = Release|Any CPU
	EndGlobalSection
	GlobalSection(SolutionProperties) = preSolution
		HideSolutionNode = FALSE
	EndGlobalSection
	GlobalSection(ExtensibilityGlobals) = postSolution
		SolutionGuid = {39EB45E5-5EF8-4A63-B030-DF1D2D3F86C0}
	EndGlobalSection
EndGlobal
